{
	"name": "@example/angular",
	"version": "1.0.0",
	"lockfileVersion": 1,
	"requires": true,
	"dependencies": {
		"@angular/core": {
			"version": "7.0.0-rc.1",
			"resolved": "https://registry.npmjs.org/@angular/core/-/core-7.0.0-rc.1.tgz",
			"integrity": "sha512-pY7Aul+GOHHoVxbVTv26rFGwl34PKLI31lyC9mH0Eg2Wqq8XIa6XrNePQo4rbU0oO1ZplULSohMk8vVPfpWGpw==",
			"requires": {
				"tslib": "1.9.3"
			}
		},
		"graphql": {
			"version": "14.0.2",
			"resolved": "https://registry.npmjs.org/graphql/-/graphql-14.0.2.tgz",
			"integrity": "sha512-gUC4YYsaiSJT1h40krG3J+USGlwhzNTXSb4IOZljn9ag5Tj+RkoXrWp+Kh7WyE3t1NCfab5kzCuxBIvOMERMXw==",
			"requires": {
				"iterall": "1.2.2"
			}
		},
		"iterall": {
			"version": "1.2.2",
			"resolved": "https://registry.npmjs.org/iterall/-/iterall-1.2.2.tgz",
			"integrity": "sha512-yynBb1g+RFUPY64fTrFv7nsjRrENBQJaX2UL+2Szc9REFrSNm1rpSXHGzhmAy7a9uv3vlvgBlXnf9RqmPH1/DA=="
		},
		"tslib": {
			"version": "1.9.3",
			"resolved": "https://registry.npmjs.org/tslib/-/tslib-1.9.3.tgz",
			"integrity": "sha512-4krF8scpejhaOgqzBEcGM7yDIEfi0/8+8zDRZhNZZ2kjmHJ4hv3zCbQWxoJGz1iw5U0Jl0nma13xzHXcncMavQ=="
		}
	}
}
